
Microsoft Visual Studio Solution File, Format Version 12.00
# Visual Studio Version 16
VisualStudioVersion = 16.0.30611.23
MinimumVisualStudioVersion = 10.0.40219.1
Project("{FAE04EC0-301F-11D3-BF4B-00C04F79EFBC}") = "Lab8_Get_To_Know_Your_Classmates", "Lab8_Get_To_Know_Your_Classmates\Lab8_Get_To_Know_Your_Classmates.csproj", "{593B8EAA-4220-4320-BDBE-66008D058B0E}"
EndProject
Global
	GlobalSection(SolutionConfigurationPlatforms) = preSolution
		Debug|Any CPU = Debug|Any CPU
		Release|Any CPU = Release|Any CPU
	EndGlobalSection
	GlobalSection(ProjectConfigurationPlatforms) = postSolution
		{593B8EAA-4220-4320-BDBE-66008D058B0E}.Debug|Any CPU.ActiveCfg = Debug|Any CPU
		{593B8EAA-4220-4320-BDBE-66008D058B0E}.Debug|Any CPU.Build.0 = Debug|Any CPU
		{593B8EAA-4220-4320-BDBE-66008D058B0E}.Release|Any CPU.ActiveCfg = Release|Any CPU
		{593B8EAA-4220-4320-BDBE-66008D058B0E}.Release|Any CPU.Build.0 = Release|Any CPU
	EndGlobalSection
	GlobalSection(SolutionProperties) = preSolution
		HideSolutionNode = FALSE
	EndGlobalSection
	GlobalSection(ExtensibilityGlobals) = postSolution
		SolutionGuid = {BF0CF26A-4A62-49B3-B519-2FDCDFFEF77C}
	EndGlobalSection
EndGlobal
